{
  "name": "whisp-lang",
  "version": "1.0.0",
  "lockfileVersion": 3,
  "requires": true,
  "packages": {
    "": {
      "name": "whisp-lang",
      "version": "1.0.0",
      "license": "ISC",
      "dependencies": {
        "rfr": "^1.2.3"
      }
    },
    "node_modules/rfr": {
      "version": "1.2.3",
      "resolved": "https://registry.npmjs.org/rfr/-/rfr-1.2.3.tgz",
      "integrity": "sha512-Gl3u6jz9Rcn94Ep+8YjVTf+ajMDG5ndhZtcOPU8efGfJK34dBKtvRS32NEVN+x+dZsMSIVGw3ePvNqFn/v2D3Q=="
    }
  }
}
